
Microsoft Visual Studio Solution File, Format Version 12.00
# Visual Studio Version 16
VisualStudioVersion = 16.0.30621.155
MinimumVisualStudioVersion = 10.0.40219.1
Project("{F184B08F-C81C-45F6-A57F-5ABD9991F28F}") = "Capa do jogo", "Capa do jogo\Capa do jogo.vbproj", "{1FCAD9CF-E87F-4BDD-9C32-60F43A0E3A1D}"
EndProject
Project("{2150E333-8FDC-42A3-9474-1A3956D46DE8}") = "Solution Items", "Solution Items", "{1AA3D9EE-3D1A-4AA3-A35A-582724E8072B}"
EndProject
Global
	GlobalSection(SolutionConfigurationPlatforms) = preSolution
		Debug|Any CPU = Debug|Any CPU
		Release|Any CPU = Release|Any CPU
	EndGlobalSection
	GlobalSection(ProjectConfigurationPlatforms) = postSolution
		{1FCAD9CF-E87F-4BDD-9C32-60F43A0E3A1D}.Debug|Any CPU.ActiveCfg = Debug|Any CPU
		{1FCAD9CF-E87F-4BDD-9C32-60F43A0E3A1D}.Debug|Any CPU.Build.0 = Debug|Any CPU
		{1FCAD9CF-E87F-4BDD-9C32-60F43A0E3A1D}.Release|Any CPU.ActiveCfg = Release|Any CPU
		{1FCAD9CF-E87F-4BDD-9C32-60F43A0E3A1D}.Release|Any CPU.Build.0 = Release|Any CPU
	EndGlobalSection
	GlobalSection(SolutionProperties) = preSolution
		HideSolutionNode = FALSE
	EndGlobalSection
	GlobalSection(ExtensibilityGlobals) = postSolution
		SolutionGuid = {01B55F88-9E31-41DF-BBA0-C074D0C6A2D5}
	EndGlobalSection
EndGlobal
